
Microsoft Visual Studio Solution File, Format Version 12.00
# Visual Studio Version 17
VisualStudioVersion = 17.3.32811.315
MinimumVisualStudioVersion = 10.0.40219.1
Project("{9A19103F-16F7-4668-BE54-9A1E7A4F7556}") = "Kemono", "Kemono.csproj", "{E42DBFB9-4836-4A0A-B453-671DAD07F7DE}"
EndProject
Project("{9A19103F-16F7-4668-BE54-9A1E7A4F7556}") = "Kemono.Core", "..\Kemono.Core\Kemono.Core.csproj", "{0949AD5A-FAFB-41FC-B5A6-5562BE5821C8}"
EndProject
Project("{9A19103F-16F7-4668-BE54-9A1E7A4F7556}") = "Kemono.Tests.MSTest", "..\Kemono.Tests.MSTest\Kemono.Tests.MSTest.csproj", "{38F1CD9B-AEAD-4F8F-A967-E1DF3AB5D534}"
EndProject
Global
	GlobalSection(SolutionConfigurationPlatforms) = preSolution
		Debug|Any CPU = Debug|Any CPU
		Debug|arm64 = Debug|arm64
		Debug|x64 = Debug|x64
		Debug|x86 = Debug|x86
		Release|Any CPU = Release|Any CPU
		Release|arm64 = Release|arm64
		Release|x64 = Release|x64
		Release|x86 = Release|x86
	EndGlobalSection
	GlobalSection(ProjectConfigurationPlatforms) = postSolution
		{E42DBFB9-4836-4A0A-B453-671DAD07F7DE}.Debug|Any CPU.ActiveCfg = Debug|x64
		{E42DBFB9-4836-4A0A-B453-671DAD07F7DE}.Debug|Any CPU.Build.0 = Debug|x64
		{E42DBFB9-4836-4A0A-B453-671DAD07F7DE}.Debug|Any CPU.Deploy.0 = Debug|x64
		{E42DBFB9-4836-4A0A-B453-671DAD07F7DE}.Debug|arm64.ActiveCfg = Debug|arm64
		{E42DBFB9-4836-4A0A-B453-671DAD07F7DE}.Debug|arm64.Build.0 = Debug|arm64
		{E42DBFB9-4836-4A0A-B453-671DAD07F7DE}.Debug|arm64.Deploy.0 = Debug|arm64
		{E42DBFB9-4836-4A0A-B453-671DAD07F7DE}.Debug|x64.ActiveCfg = Debug|x64
		{E42DBFB9-4836-4A0A-B453-671DAD07F7DE}.Debug|x64.Build.0 = Debug|x64
		{E42DBFB9-4836-4A0A-B453-671DAD07F7DE}.Debug|x64.Deploy.0 = Debug|x64
		{E42DBFB9-4836-4A0A-B453-671DAD07F7DE}.Debug|x86.ActiveCfg = Debug|x86
		{E42DBFB9-4836-4A0A-B453-671DAD07F7DE}.Debug|x86.Build.0 = Debug|x86
		{E42DBFB9-4836-4A0A-B453-671DAD07F7DE}.Release|Any CPU.ActiveCfg = Release|x64
		{E42DBFB9-4836-4A0A-B453-671DAD07F7DE}.Release|Any CPU.Build.0 = Release|x64
		{E42DBFB9-4836-4A0A-B453-671DAD07F7DE}.Release|Any CPU.Deploy.0 = Release|x64
		{E42DBFB9-4836-4A0A-B453-671DAD07F7DE}.Release|arm64.ActiveCfg = Release|arm64
		{E42DBFB9-4836-4A0A-B453-671DAD07F7DE}.Release|arm64.Build.0 = Release|arm64
		{E42DBFB9-4836-4A0A-B453-671DAD07F7DE}.Release|arm64.Deploy.0 = Release|arm64
		{E42DBFB9-4836-4A0A-B453-671DAD07F7DE}.Release|x64.ActiveCfg = Release|x64
		{E42DBFB9-4836-4A0A-B453-671DAD07F7DE}.Release|x64.Build.0 = Release|x64
		{E42DBFB9-4836-4A0A-B453-671DAD07F7DE}.Release|x64.Deploy.0 = Release|x64
		{E42DBFB9-4836-4A0A-B453-671DAD07F7DE}.Release|x86.ActiveCfg = Release|x86
		{E42DBFB9-4836-4A0A-B453-671DAD07F7DE}.Release|x86.Build.0 = Release|x86
		{E42DBFB9-4836-4A0A-B453-671DAD07F7DE}.Release|x86.Deploy.0 = Release|x86
		{0949AD5A-FAFB-41FC-B5A6-5562BE5821C8}.Debug|Any CPU.ActiveCfg = Debug|Any CPU
		{0949AD5A-FAFB-41FC-B5A6-5562BE5821C8}.Debug|Any CPU.Build.0 = Debug|Any CPU
		{0949AD5A-FAFB-41FC-B5A6-5562BE5821C8}.Debug|arm64.ActiveCfg = Debug|arm64
		{0949AD5A-FAFB-41FC-B5A6-5562BE5821C8}.Debug|arm64.Build.0 = Debug|arm64
		{0949AD5A-FAFB-41FC-B5A6-5562BE5821C8}.Debug|x64.ActiveCfg = Debug|x64
		{0949AD5A-FAFB-41FC-B5A6-5562BE5821C8}.Debug|x64.Build.0 = Debug|x64
		{0949AD5A-FAFB-41FC-B5A6-5562BE5821C8}.Debug|x86.ActiveCfg = Debug|x86
		{0949AD5A-FAFB-41FC-B5A6-5562BE5821C8}.Debug|x86.Build.0 = Debug|x86
		{0949AD5A-FAFB-41FC-B5A6-5562BE5821C8}.Release|Any CPU.ActiveCfg = Release|Any CPU
		{0949AD5A-FAFB-41FC-B5A6-5562BE5821C8}.Release|Any CPU.Build.0 = Release|Any CPU
		{0949AD5A-FAFB-41FC-B5A6-5562BE5821C8}.Release|arm64.ActiveCfg = Release|arm64
		{0949AD5A-FAFB-41FC-B5A6-5562BE5821C8}.Release|arm64.Build.0 = Release|arm64
		{0949AD5A-FAFB-41FC-B5A6-5562BE5821C8}.Release|x64.ActiveCfg = Release|x64
		{0949AD5A-FAFB-41FC-B5A6-5562BE5821C8}.Release|x64.Build.0 = Release|x64
		{0949AD5A-FAFB-41FC-B5A6-5562BE5821C8}.Release|x86.ActiveCfg = Release|x86
		{0949AD5A-FAFB-41FC-B5A6-5562BE5821C8}.Release|x86.Build.0 = Release|x86
		{38F1CD9B-AEAD-4F8F-A967-E1DF3AB5D534}.Debug|Any CPU.ActiveCfg = Debug|x64
		{38F1CD9B-AEAD-4F8F-A967-E1DF3AB5D534}.Debug|Any CPU.Build.0 = Debug|x64
		{38F1CD9B-AEAD-4F8F-A967-E1DF3AB5D534}.Debug|arm64.ActiveCfg = Debug|arm64
		{38F1CD9B-AEAD-4F8F-A967-E1DF3AB5D534}.Debug|arm64.Build.0 = Debug|arm64
		{38F1CD9B-AEAD-4F8F-A967-E1DF3AB5D534}.Debug|x64.ActiveCfg = Debug|x64
		{38F1CD9B-AEAD-4F8F-A967-E1DF3AB5D534}.Debug|x64.Build.0 = Debug|x64
		{38F1CD9B-AEAD-4F8F-A967-E1DF3AB5D534}.Debug|x86.ActiveCfg = Debug|x86
		{38F1CD9B-AEAD-4F8F-A967-E1DF3AB5D534}.Debug|x86.Build.0 = Debug|x86
		{38F1CD9B-AEAD-4F8F-A967-E1DF3AB5D534}.Release|Any CPU.ActiveCfg = Release|x64
		{38F1CD9B-AEAD-4F8F-A967-E1DF3AB5D534}.Release|Any CPU.Build.0 = Release|x64
		{38F1CD9B-AEAD-4F8F-A967-E1DF3AB5D534}.Release|arm64.ActiveCfg = Release|arm64
		{38F1CD9B-AEAD-4F8F-A967-E1DF3AB5D534}.Release|arm64.Build.0 = Release|arm64
		{38F1CD9B-AEAD-4F8F-A967-E1DF3AB5D534}.Release|x64.ActiveCfg = Release|x64
		{38F1CD9B-AEAD-4F8F-A967-E1DF3AB5D534}.Release|x64.Build.0 = Release|x64
		{38F1CD9B-AEAD-4F8F-A967-E1DF3AB5D534}.Release|x86.ActiveCfg = Release|x86
		{38F1CD9B-AEAD-4F8F-A967-E1DF3AB5D534}.Release|x86.Build.0 = Release|x86
	EndGlobalSection
	GlobalSection(SolutionProperties) = preSolution
		HideSolutionNode = FALSE
	EndGlobalSection
	GlobalSection(ExtensibilityGlobals) = postSolution
		SolutionGuid = {AA620557-89F8-49DE-A9E6-D26E73BF8D10}
	EndGlobalSection
EndGlobal
